<?xml version="1.0" encoding="utf-8"?>
<Project ToolsVersion="17.0" xmlns="http://schemas.microsoft.com/developer/msbuild/2003">
  <ItemGroup>
    <ClCompile Include="C:\Users\ndima\Desktop\NEW_YARD\dependency_injection_assignment\_build\googletest\googletest-src\googletest\src\gtest-all.cc">
      <Filter>Source Files</Filter>
    </ClCompile>
    <ClCompile Include="C:\Users\ndima\Desktop\NEW_YARD\dependency_injection_assignment\_build\googletest\googletest-src\googlemock\src\gmock-all.cc">
      <Filter>Source Files</Filter>
    </ClCompile>
    <ClCompile Include="C:\Users\ndima\Desktop\NEW_YARD\dependency_injection_assignment\_build\googletest\googletest-src\googlemock\src\gmock_main.cc">
      <Filter>Source Files</Filter>
    </ClCompile>
  </ItemGroup>
  <ItemGroup>
    <CustomBuild Include="C:\Users\ndima\Desktop\NEW_YARD\dependency_injection_assignment\_build\googletest\googletest-src\googlemock\CMakeLists.txt" />
  </ItemGroup>
  <ItemGroup>
    <Filter Include="Source Files">
      <UniqueIdentifier>{1762C075-BA8C-35D9-B6FF-41476D3D793C}</UniqueIdentifier>
    </Filter>
  </ItemGroup>
</Project>
